
Microsoft Visual Studio Solution File, Format Version 12.00
# Visual Studio Version 17
VisualStudioVersion = 17.0.31903.59
MinimumVisualStudioVersion = 10.0.40219.1
Project("{FAE04EC0-301F-11D3-BF4B-00C04F79EFBC}") = "KoiLottery", "KoiLottery\KoiLottery.csproj", "{3F0FFCD3-610B-47C4-8E99-8D01522E160B}"
EndProject
Global
	GlobalSection(SolutionConfigurationPlatforms) = preSolution
		Debug|Any CPU = Debug|Any CPU
		Release|Any CPU = Release|Any CPU
	EndGlobalSection
	GlobalSection(ProjectConfigurationPlatforms) = postSolution
		{3F0FFCD3-610B-47C4-8E99-8D01522E160B}.Debug|Any CPU.ActiveCfg = Debug|Any CPU
		{3F0FFCD3-610B-47C4-8E99-8D01522E160B}.Debug|Any CPU.Build.0 = Debug|Any CPU
		{3F0FFCD3-610B-47C4-8E99-8D01522E160B}.Release|Any CPU.ActiveCfg = Release|Any CPU
		{3F0FFCD3-610B-47C4-8E99-8D01522E160B}.Release|Any CPU.Build.0 = Release|Any CPU
	EndGlobalSection
	GlobalSection(SolutionProperties) = preSolution
		HideSolutionNode = FALSE
	EndGlobalSection
	GlobalSection(ExtensibilityGlobals) = postSolution
		SolutionGuid = {44C40F86-4850-4B9F-993B-B3E43D681327}
	EndGlobalSection
EndGlobal
